
Microsoft Visual Studio Solution File, Format Version 12.00
# Visual Studio Version 17
VisualStudioVersion = 17.0.32002.185
MinimumVisualStudioVersion = 10.0.40219.1
Project("{FAE04EC0-301F-11D3-BF4B-00C04F79EFBC}") = "ExeSemInterface", "ExeSemInterface.csproj", "{68BAEC07-4189-4836-97EB-5460895DD4CF}"
EndProject
Global
	GlobalSection(SolutionConfigurationPlatforms) = preSolution
		Debug|Any CPU = Debug|Any CPU
		Release|Any CPU = Release|Any CPU
	EndGlobalSection
	GlobalSection(ProjectConfigurationPlatforms) = postSolution
		{68BAEC07-4189-4836-97EB-5460895DD4CF}.Debug|Any CPU.ActiveCfg = Debug|Any CPU
		{68BAEC07-4189-4836-97EB-5460895DD4CF}.Debug|Any CPU.Build.0 = Debug|Any CPU
		{68BAEC07-4189-4836-97EB-5460895DD4CF}.Release|Any CPU.ActiveCfg = Release|Any CPU
		{68BAEC07-4189-4836-97EB-5460895DD4CF}.Release|Any CPU.Build.0 = Release|Any CPU
	EndGlobalSection
	GlobalSection(SolutionProperties) = preSolution
		HideSolutionNode = FALSE
	EndGlobalSection
	GlobalSection(ExtensibilityGlobals) = postSolution
		SolutionGuid = {DCB31D88-89A5-4751-BE25-BDEDDF63419C}
	EndGlobalSection
EndGlobal
